
Microsoft Visual Studio Solution File, Format Version 12.00
# Visual Studio Version 17
VisualStudioVersion = 17.1.32407.343
MinimumVisualStudioVersion = 10.0.40219.1
Project("{9A19103F-16F7-4668-BE54-9A1E7A4F7556}") = "Todo.BlazorWasm", "Todo.BlazorWasm\Todo.BlazorWasm.csproj", "{4B0D5DE8-24D3-4084-B834-A24BFBDC95F7}"
EndProject
Global
	GlobalSection(SolutionConfigurationPlatforms) = preSolution
		Debug|Any CPU = Debug|Any CPU
		Release|Any CPU = Release|Any CPU
	EndGlobalSection
	GlobalSection(ProjectConfigurationPlatforms) = postSolution
		{4B0D5DE8-24D3-4084-B834-A24BFBDC95F7}.Debug|Any CPU.ActiveCfg = Debug|Any CPU
		{4B0D5DE8-24D3-4084-B834-A24BFBDC95F7}.Debug|Any CPU.Build.0 = Debug|Any CPU
		{4B0D5DE8-24D3-4084-B834-A24BFBDC95F7}.Release|Any CPU.ActiveCfg = Release|Any CPU
		{4B0D5DE8-24D3-4084-B834-A24BFBDC95F7}.Release|Any CPU.Build.0 = Release|Any CPU
	EndGlobalSection
	GlobalSection(SolutionProperties) = preSolution
		HideSolutionNode = FALSE
	EndGlobalSection
	GlobalSection(ExtensibilityGlobals) = postSolution
		SolutionGuid = {F8ADE522-880D-4AA1-A103-D62892C43720}
	EndGlobalSection
EndGlobal
